
Microsoft Visual Studio Solution File, Format Version 12.00
# Visual Studio Version 16
VisualStudioVersion = 16.0.30907.101
MinimumVisualStudioVersion = 10.0.40219.1
Project("{FAE04EC0-301F-11D3-BF4B-00C04F79EFBC}") = "InlämningsUppgift1ASP.Net", "InlämningsUppgift1ASP.Net\InlämningsUppgift1ASP.Net.csproj", "{EF0AFC0A-B7DE-4CF0-ADFE-F6F7F19E3009}"
EndProject
Global
	GlobalSection(SolutionConfigurationPlatforms) = preSolution
		Debug|Any CPU = Debug|Any CPU
		Release|Any CPU = Release|Any CPU
	EndGlobalSection
	GlobalSection(ProjectConfigurationPlatforms) = postSolution
		{EF0AFC0A-B7DE-4CF0-ADFE-F6F7F19E3009}.Debug|Any CPU.ActiveCfg = Debug|Any CPU
		{EF0AFC0A-B7DE-4CF0-ADFE-F6F7F19E3009}.Debug|Any CPU.Build.0 = Debug|Any CPU
		{EF0AFC0A-B7DE-4CF0-ADFE-F6F7F19E3009}.Release|Any CPU.ActiveCfg = Release|Any CPU
		{EF0AFC0A-B7DE-4CF0-ADFE-F6F7F19E3009}.Release|Any CPU.Build.0 = Release|Any CPU
	EndGlobalSection
	GlobalSection(SolutionProperties) = preSolution
		HideSolutionNode = FALSE
	EndGlobalSection
	GlobalSection(ExtensibilityGlobals) = postSolution
		SolutionGuid = {9416DABF-E70D-474A-97EF-094C225E298F}
	EndGlobalSection
EndGlobal
